
Microsoft Visual Studio Solution File, Format Version 12.00
# Visual Studio Version 17
VisualStudioVersion = 17.4.33103.184
MinimumVisualStudioVersion = 10.0.40219.1
Project("{FAE04EC0-301F-11D3-BF4B-00C04F79EFBC}") = "13.2", "13.2\13.2.csproj", "{48BC5F77-B035-465C-91DA-F972CD31BB40}"
EndProject
Project("{FAE04EC0-301F-11D3-BF4B-00C04F79EFBC}") = "13.3", "13.3\13.3.csproj", "{11A0E011-886F-4173-A831-961A8F6D44BB}"
EndProject
Project("{FAE04EC0-301F-11D3-BF4B-00C04F79EFBC}") = "13.4", "13.4\13.4.csproj", "{30D45A35-BD77-4FC2-AE63-D1E4E37BDFB8}"
EndProject
Project("{FAE04EC0-301F-11D3-BF4B-00C04F79EFBC}") = "13.5", "13.5\13.5.csproj", "{FE020C89-52B5-4144-BC93-FB3B683001A7}"
EndProject
Project("{FAE04EC0-301F-11D3-BF4B-00C04F79EFBC}") = "13.6", "13.6\13.6.csproj", "{C96D13CE-A882-4EA1-B8ED-671B5310EEFC}"
EndProject
Project("{FAE04EC0-301F-11D3-BF4B-00C04F79EFBC}") = "13.1", "13.1\13.1.csproj", "{8B915AA3-3377-49D0-9032-1B3AC4515313}"
EndProject
Global
	GlobalSection(SolutionConfigurationPlatforms) = preSolution
		Debug|Any CPU = Debug|Any CPU
		Release|Any CPU = Release|Any CPU
	EndGlobalSection
	GlobalSection(ProjectConfigurationPlatforms) = postSolution
		{48BC5F77-B035-465C-91DA-F972CD31BB40}.Debug|Any CPU.ActiveCfg = Debug|Any CPU
		{48BC5F77-B035-465C-91DA-F972CD31BB40}.Debug|Any CPU.Build.0 = Debug|Any CPU
		{48BC5F77-B035-465C-91DA-F972CD31BB40}.Release|Any CPU.ActiveCfg = Release|Any CPU
		{48BC5F77-B035-465C-91DA-F972CD31BB40}.Release|Any CPU.Build.0 = Release|Any CPU
		{11A0E011-886F-4173-A831-961A8F6D44BB}.Debug|Any CPU.ActiveCfg = Debug|Any CPU
		{11A0E011-886F-4173-A831-961A8F6D44BB}.Debug|Any CPU.Build.0 = Debug|Any CPU
		{11A0E011-886F-4173-A831-961A8F6D44BB}.Release|Any CPU.ActiveCfg = Release|Any CPU
		{11A0E011-886F-4173-A831-961A8F6D44BB}.Release|Any CPU.Build.0 = Release|Any CPU
		{30D45A35-BD77-4FC2-AE63-D1E4E37BDFB8}.Debug|Any CPU.ActiveCfg = Debug|Any CPU
		{30D45A35-BD77-4FC2-AE63-D1E4E37BDFB8}.Debug|Any CPU.Build.0 = Debug|Any CPU
		{30D45A35-BD77-4FC2-AE63-D1E4E37BDFB8}.Release|Any CPU.ActiveCfg = Release|Any CPU
		{30D45A35-BD77-4FC2-AE63-D1E4E37BDFB8}.Release|Any CPU.Build.0 = Release|Any CPU
		{FE020C89-52B5-4144-BC93-FB3B683001A7}.Debug|Any CPU.ActiveCfg = Debug|Any CPU
		{FE020C89-52B5-4144-BC93-FB3B683001A7}.Debug|Any CPU.Build.0 = Debug|Any CPU
		{FE020C89-52B5-4144-BC93-FB3B683001A7}.Release|Any CPU.ActiveCfg = Release|Any CPU
		{FE020C89-52B5-4144-BC93-FB3B683001A7}.Release|Any CPU.Build.0 = Release|Any CPU
		{C96D13CE-A882-4EA1-B8ED-671B5310EEFC}.Debug|Any CPU.ActiveCfg = Debug|Any CPU
		{C96D13CE-A882-4EA1-B8ED-671B5310EEFC}.Debug|Any CPU.Build.0 = Debug|Any CPU
		{C96D13CE-A882-4EA1-B8ED-671B5310EEFC}.Release|Any CPU.ActiveCfg = Release|Any CPU
		{C96D13CE-A882-4EA1-B8ED-671B5310EEFC}.Release|Any CPU.Build.0 = Release|Any CPU
		{8B915AA3-3377-49D0-9032-1B3AC4515313}.Debug|Any CPU.ActiveCfg = Debug|Any CPU
		{8B915AA3-3377-49D0-9032-1B3AC4515313}.Debug|Any CPU.Build.0 = Debug|Any CPU
		{8B915AA3-3377-49D0-9032-1B3AC4515313}.Release|Any CPU.ActiveCfg = Release|Any CPU
		{8B915AA3-3377-49D0-9032-1B3AC4515313}.Release|Any CPU.Build.0 = Release|Any CPU
	EndGlobalSection
	GlobalSection(SolutionProperties) = preSolution
		HideSolutionNode = FALSE
	EndGlobalSection
	GlobalSection(ExtensibilityGlobals) = postSolution
		SolutionGuid = {9DBD4928-BEA4-4A4A-A980-DF6DB6CC8AC2}
	EndGlobalSection
EndGlobal
